
Microsoft Visual Studio Solution File, Format Version 12.00
# Visual Studio Version 16
VisualStudioVersion = 16.0.28803.452
MinimumVisualStudioVersion = 10.0.40219.1
Project("{FAE04EC0-301F-11D3-BF4B-00C04F79EFBC}") = "TicTacToe", "TicTacToe\TicTacToe.csproj", "{FB01B454-CCB0-4969-8231-635CEBB01393}"
EndProject
Global
	GlobalSection(SolutionConfigurationPlatforms) = preSolution
		Debug|Any CPU = Debug|Any CPU
		Release|Any CPU = Release|Any CPU
	EndGlobalSection
	GlobalSection(ProjectConfigurationPlatforms) = postSolution
		{FB01B454-CCB0-4969-8231-635CEBB01393}.Debug|Any CPU.ActiveCfg = Debug|Any CPU
		{FB01B454-CCB0-4969-8231-635CEBB01393}.Debug|Any CPU.Build.0 = Debug|Any CPU
		{FB01B454-CCB0-4969-8231-635CEBB01393}.Release|Any CPU.ActiveCfg = Release|Any CPU
		{FB01B454-CCB0-4969-8231-635CEBB01393}.Release|Any CPU.Build.0 = Release|Any CPU
	EndGlobalSection
	GlobalSection(SolutionProperties) = preSolution
		HideSolutionNode = FALSE
	EndGlobalSection
	GlobalSection(ExtensibilityGlobals) = postSolution
		SolutionGuid = {B1A7ACC5-3052-47C8-998F-670F241573BF}
	EndGlobalSection
EndGlobal
